
Microsoft Visual Studio Solution File, Format Version 11.00
# Visual Studio 2010
Project("{FAE04EC0-301F-11D3-BF4B-00C04F79EFBC}") = "Unity.Services.Core.Telemetry", "Unity.Services.Core.Telemetry.csproj", "{0b21f565-f856-97e3-ccf9-8f60fe803979}"
EndProject
Project("{FAE04EC0-301F-11D3-BF4B-00C04F79EFBC}") = "UnityEngine.TestRunner", "UnityEngine.TestRunner.csproj", "{5722502a-0065-1fc0-5c07-7552813cb090}"
EndProject
Project("{FAE04EC0-301F-11D3-BF4B-00C04F79EFBC}") = "UnityEngine.UI", "UnityEngine.UI.csproj", "{af3c9a91-9baa-9a41-9581-b9efe8db512d}"
EndProject
Project("{FAE04EC0-301F-11D3-BF4B-00C04F79EFBC}") = "Unity.InputSystem", "Unity.InputSystem.csproj", "{7aa3a76f-e68d-c1fe-25d0-fd377d6d8e6b}"
EndProject
Project("{FAE04EC0-301F-11D3-BF4B-00C04F79EFBC}") = "Unity.Services.Core.Internal", "Unity.Services.Core.Internal.csproj", "{0ac3bfc9-81cc-8265-573a-5b09c209e2ec}"
EndProject
Project("{FAE04EC0-301F-11D3-BF4B-00C04F79EFBC}") = "Unity.Timeline", "Unity.Timeline.csproj", "{839d5482-4197-c06c-b401-e9156a2f5670}"
EndProject
Project("{FAE04EC0-301F-11D3-BF4B-00C04F79EFBC}") = "CW.Common", "CW.Common.csproj", "{e4b1582a-f9c9-9874-367d-67d905ac5f67}"
EndProject
Project("{FAE04EC0-301F-11D3-BF4B-00C04F79EFBC}") = "LeanCommon", "LeanCommon.csproj", "{8fa3b7b9-130c-db77-debd-5bcf4bd3295d}"
EndProject
Project("{FAE04EC0-301F-11D3-BF4B-00C04F79EFBC}") = "Unity.TextMeshPro", "Unity.TextMeshPro.csproj", "{71ac8f01-9a05-b44e-2e17-dbc2ee8e696b}"
EndProject
Project("{FAE04EC0-301F-11D3-BF4B-00C04F79EFBC}") = "Unity.Services.Core.Environments.Internal", "Unity.Services.Core.Environments.Internal.csproj", "{06aec9d3-2664-7167-898e-1f178e31ba51}"
EndProject
Project("{FAE04EC0-301F-11D3-BF4B-00C04F79EFBC}") = "Unity.Services.Core", "Unity.Services.Core.csproj", "{35918e01-8a6c-2739-7360-f12fce46301f}"
EndProject
Project("{FAE04EC0-301F-11D3-BF4B-00C04F79EFBC}") = "LeanTouch", "LeanTouch.csproj", "{6100ee55-ff80-0ffc-7804-64958ec76998}"
EndProject
Project("{FAE04EC0-301F-11D3-BF4B-00C04F79EFBC}") = "Unity.Services.Core.Configuration", "Unity.Services.Core.Configuration.csproj", "{aa6ceecd-f824-d865-a727-2c91a54f143e}"
EndProject
Project("{FAE04EC0-301F-11D3-BF4B-00C04F79EFBC}") = "Unity.Services.Core.Environments", "Unity.Services.Core.Environments.csproj", "{64ba8774-2125-fc72-53b1-61b302d38c75}"
EndProject
Project("{FAE04EC0-301F-11D3-BF4B-00C04F79EFBC}") = "Unity.Services.Core.Networking", "Unity.Services.Core.Networking.csproj", "{a608c783-54ae-5ce1-348d-79180f0bccfc}"
EndProject
Project("{FAE04EC0-301F-11D3-BF4B-00C04F79EFBC}") = "Unity.Services.Core.Analytics", "Unity.Services.Core.Analytics.csproj", "{c2295338-8b02-2c4f-e749-3468d2337f54}"
EndProject
Project("{FAE04EC0-301F-11D3-BF4B-00C04F79EFBC}") = "Unity.Services.Core.Scheduler", "Unity.Services.Core.Scheduler.csproj", "{3a6b9f9d-0a0f-c572-19c2-b21fd1cc721d}"
EndProject
Project("{FAE04EC0-301F-11D3-BF4B-00C04F79EFBC}") = "Unity.Services.Core.Registration", "Unity.Services.Core.Registration.csproj", "{6352ed54-d5cc-ddd2-7362-f55be5fcfdc7}"
EndProject
Project("{FAE04EC0-301F-11D3-BF4B-00C04F79EFBC}") = "Unity.Services.Core.Device", "Unity.Services.Core.Device.csproj", "{a7ccb2b2-6cb7-2543-2c54-79eb1bb8fc7e}"
EndProject
Project("{FAE04EC0-301F-11D3-BF4B-00C04F79EFBC}") = "Unity.InputSystem.IntegrationTests", "Unity.InputSystem.IntegrationTests.csproj", "{f84262cc-e6f0-82d3-5d80-0603fe0f2a4a}"
EndProject
Project("{FAE04EC0-301F-11D3-BF4B-00C04F79EFBC}") = "Unity.Services.Core.Threading", "Unity.Services.Core.Threading.csproj", "{2cc5faa4-b16d-9f27-55c1-ae4bf1c00051}"
EndProject
Project("{FAE04EC0-301F-11D3-BF4B-00C04F79EFBC}") = "Unity.InputSystem.TestFramework", "Unity.InputSystem.TestFramework.csproj", "{4dc533dd-56e2-6a17-d796-4897493f86ce}"
EndProject
Project("{FAE04EC0-301F-11D3-BF4B-00C04F79EFBC}") = "AltDriver", "AltDriver.csproj", "{1bf75066-79bd-5cd6-984f-393f30fe6d26}"
EndProject
Project("{FAE04EC0-301F-11D3-BF4B-00C04F79EFBC}") = "AltTester", "AltTester.csproj", "{40acb430-28f2-45f9-a2f7-7f25126e9fa5}"
EndProject
Project("{FAE04EC0-301F-11D3-BF4B-00C04F79EFBC}") = "Unity.Timeline.Editor", "Unity.Timeline.Editor.csproj", "{7928a1ff-0b99-fa07-699f-3fc8bf4e497a}"
EndProject
Project("{FAE04EC0-301F-11D3-BF4B-00C04F79EFBC}") = "UnityEditor.TestRunner", "UnityEditor.TestRunner.csproj", "{6c27c877-6466-8334-440c-ee2b5e25af77}"
EndProject
Project("{FAE04EC0-301F-11D3-BF4B-00C04F79EFBC}") = "Unity.PlasticSCM.Editor", "Unity.PlasticSCM.Editor.csproj", "{bc79fa4e-84f4-4c68-3941-3720848a36d8}"
EndProject
Project("{FAE04EC0-301F-11D3-BF4B-00C04F79EFBC}") = "UnityEditor.UI", "UnityEditor.UI.csproj", "{f0b2d8ad-d6c9-b616-334b-172df3516089}"
EndProject
Project("{FAE04EC0-301F-11D3-BF4B-00C04F79EFBC}") = "Unity.VisualStudio.Editor", "Unity.VisualStudio.Editor.csproj", "{ee241343-3253-5881-02ff-295e2daaaa89}"
EndProject
Project("{FAE04EC0-301F-11D3-BF4B-00C04F79EFBC}") = "Unity.TextMeshPro.Editor", "Unity.TextMeshPro.Editor.csproj", "{561e6755-5cf2-c8d1-0cb4-5e0ee56a84e9}"
EndProject
Project("{FAE04EC0-301F-11D3-BF4B-00C04F79EFBC}") = "Unity.CollabProxy.Editor", "Unity.CollabProxy.Editor.csproj", "{3ccc1215-dc8d-5246-7493-f7733f5ea16c}"
EndProject
Project("{FAE04EC0-301F-11D3-BF4B-00C04F79EFBC}") = "Unity.Services.Core.Editor", "Unity.Services.Core.Editor.csproj", "{75263f76-9741-e4da-08ee-2802eb6bb7bc}"
EndProject
Project("{FAE04EC0-301F-11D3-BF4B-00C04F79EFBC}") = "Unity.Rider.Editor", "Unity.Rider.Editor.csproj", "{a762ce45-a357-ae01-6e08-9a4b7e316531}"
EndProject
Project("{FAE04EC0-301F-11D3-BF4B-00C04F79EFBC}") = "Unity.VSCode.Editor", "Unity.VSCode.Editor.csproj", "{92c22d62-c390-3a8f-f784-83f8609bcbb4}"
EndProject
Project("{FAE04EC0-301F-11D3-BF4B-00C04F79EFBC}") = "Unity.Services.Core.Configuration.Editor", "Unity.Services.Core.Configuration.Editor.csproj", "{26c79955-b2c4-b2dc-aa10-3b9c33f1aa9c}"
EndProject
Project("{FAE04EC0-301F-11D3-BF4B-00C04F79EFBC}") = "Unity.EditorCoroutines.Editor", "Unity.EditorCoroutines.Editor.csproj", "{de10ec02-94d9-c49a-42c7-23828a01afab}"
EndProject
Project("{FAE04EC0-301F-11D3-BF4B-00C04F79EFBC}") = "Assembly-CSharp-Editor", "Assembly-CSharp-Editor.csproj", "{f394a941-cfd6-9e7b-6359-17d79a70f999}"
EndProject
Project("{FAE04EC0-301F-11D3-BF4B-00C04F79EFBC}") = "AltTesterEditor", "AltTesterEditor.csproj", "{2c721a79-4549-1424-4fcd-8efb65758b89}"
EndProject
Global
	GlobalSection(SolutionConfigurationPlatforms) = preSolution
		Debug|Any CPU = Debug|Any CPU
	EndGlobalSection
	GlobalSection(ProjectConfigurationPlatforms) = postSolution
		{0b21f565-f856-97e3-ccf9-8f60fe803979}.Debug|Any CPU.ActiveCfg = Debug|Any CPU
		{0b21f565-f856-97e3-ccf9-8f60fe803979}.Debug|Any CPU.Build.0 = Debug|Any CPU
		{5722502a-0065-1fc0-5c07-7552813cb090}.Debug|Any CPU.ActiveCfg = Debug|Any CPU
		{5722502a-0065-1fc0-5c07-7552813cb090}.Debug|Any CPU.Build.0 = Debug|Any CPU
		{af3c9a91-9baa-9a41-9581-b9efe8db512d}.Debug|Any CPU.ActiveCfg = Debug|Any CPU
		{af3c9a91-9baa-9a41-9581-b9efe8db512d}.Debug|Any CPU.Build.0 = Debug|Any CPU
		{7aa3a76f-e68d-c1fe-25d0-fd377d6d8e6b}.Debug|Any CPU.ActiveCfg = Debug|Any CPU
		{7aa3a76f-e68d-c1fe-25d0-fd377d6d8e6b}.Debug|Any CPU.Build.0 = Debug|Any CPU
		{0ac3bfc9-81cc-8265-573a-5b09c209e2ec}.Debug|Any CPU.ActiveCfg = Debug|Any CPU
		{0ac3bfc9-81cc-8265-573a-5b09c209e2ec}.Debug|Any CPU.Build.0 = Debug|Any CPU
		{839d5482-4197-c06c-b401-e9156a2f5670}.Debug|Any CPU.ActiveCfg = Debug|Any CPU
		{839d5482-4197-c06c-b401-e9156a2f5670}.Debug|Any CPU.Build.0 = Debug|Any CPU
		{e4b1582a-f9c9-9874-367d-67d905ac5f67}.Debug|Any CPU.ActiveCfg = Debug|Any CPU
		{e4b1582a-f9c9-9874-367d-67d905ac5f67}.Debug|Any CPU.Build.0 = Debug|Any CPU
		{8fa3b7b9-130c-db77-debd-5bcf4bd3295d}.Debug|Any CPU.ActiveCfg = Debug|Any CPU
		{8fa3b7b9-130c-db77-debd-5bcf4bd3295d}.Debug|Any CPU.Build.0 = Debug|Any CPU
		{71ac8f01-9a05-b44e-2e17-dbc2ee8e696b}.Debug|Any CPU.ActiveCfg = Debug|Any CPU
		{71ac8f01-9a05-b44e-2e17-dbc2ee8e696b}.Debug|Any CPU.Build.0 = Debug|Any CPU
		{06aec9d3-2664-7167-898e-1f178e31ba51}.Debug|Any CPU.ActiveCfg = Debug|Any CPU
		{06aec9d3-2664-7167-898e-1f178e31ba51}.Debug|Any CPU.Build.0 = Debug|Any CPU
		{35918e01-8a6c-2739-7360-f12fce46301f}.Debug|Any CPU.ActiveCfg = Debug|Any CPU
		{35918e01-8a6c-2739-7360-f12fce46301f}.Debug|Any CPU.Build.0 = Debug|Any CPU
		{6100ee55-ff80-0ffc-7804-64958ec76998}.Debug|Any CPU.ActiveCfg = Debug|Any CPU
		{6100ee55-ff80-0ffc-7804-64958ec76998}.Debug|Any CPU.Build.0 = Debug|Any CPU
		{aa6ceecd-f824-d865-a727-2c91a54f143e}.Debug|Any CPU.ActiveCfg = Debug|Any CPU
		{aa6ceecd-f824-d865-a727-2c91a54f143e}.Debug|Any CPU.Build.0 = Debug|Any CPU
		{64ba8774-2125-fc72-53b1-61b302d38c75}.Debug|Any CPU.ActiveCfg = Debug|Any CPU
		{64ba8774-2125-fc72-53b1-61b302d38c75}.Debug|Any CPU.Build.0 = Debug|Any CPU
		{a608c783-54ae-5ce1-348d-79180f0bccfc}.Debug|Any CPU.ActiveCfg = Debug|Any CPU
		{a608c783-54ae-5ce1-348d-79180f0bccfc}.Debug|Any CPU.Build.0 = Debug|Any CPU
		{c2295338-8b02-2c4f-e749-3468d2337f54}.Debug|Any CPU.ActiveCfg = Debug|Any CPU
		{c2295338-8b02-2c4f-e749-3468d2337f54}.Debug|Any CPU.Build.0 = Debug|Any CPU
		{3a6b9f9d-0a0f-c572-19c2-b21fd1cc721d}.Debug|Any CPU.ActiveCfg = Debug|Any CPU
		{3a6b9f9d-0a0f-c572-19c2-b21fd1cc721d}.Debug|Any CPU.Build.0 = Debug|Any CPU
		{6352ed54-d5cc-ddd2-7362-f55be5fcfdc7}.Debug|Any CPU.ActiveCfg = Debug|Any CPU
		{6352ed54-d5cc-ddd2-7362-f55be5fcfdc7}.Debug|Any CPU.Build.0 = Debug|Any CPU
		{a7ccb2b2-6cb7-2543-2c54-79eb1bb8fc7e}.Debug|Any CPU.ActiveCfg = Debug|Any CPU
		{a7ccb2b2-6cb7-2543-2c54-79eb1bb8fc7e}.Debug|Any CPU.Build.0 = Debug|Any CPU
		{f84262cc-e6f0-82d3-5d80-0603fe0f2a4a}.Debug|Any CPU.ActiveCfg = Debug|Any CPU
		{f84262cc-e6f0-82d3-5d80-0603fe0f2a4a}.Debug|Any CPU.Build.0 = Debug|Any CPU
		{2cc5faa4-b16d-9f27-55c1-ae4bf1c00051}.Debug|Any CPU.ActiveCfg = Debug|Any CPU
		{2cc5faa4-b16d-9f27-55c1-ae4bf1c00051}.Debug|Any CPU.Build.0 = Debug|Any CPU
		{4dc533dd-56e2-6a17-d796-4897493f86ce}.Debug|Any CPU.ActiveCfg = Debug|Any CPU
		{4dc533dd-56e2-6a17-d796-4897493f86ce}.Debug|Any CPU.Build.0 = Debug|Any CPU
		{1bf75066-79bd-5cd6-984f-393f30fe6d26}.Debug|Any CPU.ActiveCfg = Debug|Any CPU
		{1bf75066-79bd-5cd6-984f-393f30fe6d26}.Debug|Any CPU.Build.0 = Debug|Any CPU
		{40acb430-28f2-45f9-a2f7-7f25126e9fa5}.Debug|Any CPU.ActiveCfg = Debug|Any CPU
		{40acb430-28f2-45f9-a2f7-7f25126e9fa5}.Debug|Any CPU.Build.0 = Debug|Any CPU
		{7928a1ff-0b99-fa07-699f-3fc8bf4e497a}.Debug|Any CPU.ActiveCfg = Debug|Any CPU
		{7928a1ff-0b99-fa07-699f-3fc8bf4e497a}.Debug|Any CPU.Build.0 = Debug|Any CPU
		{6c27c877-6466-8334-440c-ee2b5e25af77}.Debug|Any CPU.ActiveCfg = Debug|Any CPU
		{6c27c877-6466-8334-440c-ee2b5e25af77}.Debug|Any CPU.Build.0 = Debug|Any CPU
		{bc79fa4e-84f4-4c68-3941-3720848a36d8}.Debug|Any CPU.ActiveCfg = Debug|Any CPU
		{bc79fa4e-84f4-4c68-3941-3720848a36d8}.Debug|Any CPU.Build.0 = Debug|Any CPU
		{f0b2d8ad-d6c9-b616-334b-172df3516089}.Debug|Any CPU.ActiveCfg = Debug|Any CPU
		{f0b2d8ad-d6c9-b616-334b-172df3516089}.Debug|Any CPU.Build.0 = Debug|Any CPU
		{ee241343-3253-5881-02ff-295e2daaaa89}.Debug|Any CPU.ActiveCfg = Debug|Any CPU
		{ee241343-3253-5881-02ff-295e2daaaa89}.Debug|Any CPU.Build.0 = Debug|Any CPU
		{561e6755-5cf2-c8d1-0cb4-5e0ee56a84e9}.Debug|Any CPU.ActiveCfg = Debug|Any CPU
		{561e6755-5cf2-c8d1-0cb4-5e0ee56a84e9}.Debug|Any CPU.Build.0 = Debug|Any CPU
		{3ccc1215-dc8d-5246-7493-f7733f5ea16c}.Debug|Any CPU.ActiveCfg = Debug|Any CPU
		{3ccc1215-dc8d-5246-7493-f7733f5ea16c}.Debug|Any CPU.Build.0 = Debug|Any CPU
		{75263f76-9741-e4da-08ee-2802eb6bb7bc}.Debug|Any CPU.ActiveCfg = Debug|Any CPU
		{75263f76-9741-e4da-08ee-2802eb6bb7bc}.Debug|Any CPU.Build.0 = Debug|Any CPU
		{a762ce45-a357-ae01-6e08-9a4b7e316531}.Debug|Any CPU.ActiveCfg = Debug|Any CPU
		{a762ce45-a357-ae01-6e08-9a4b7e316531}.Debug|Any CPU.Build.0 = Debug|Any CPU
		{92c22d62-c390-3a8f-f784-83f8609bcbb4}.Debug|Any CPU.ActiveCfg = Debug|Any CPU
		{92c22d62-c390-3a8f-f784-83f8609bcbb4}.Debug|Any CPU.Build.0 = Debug|Any CPU
		{26c79955-b2c4-b2dc-aa10-3b9c33f1aa9c}.Debug|Any CPU.ActiveCfg = Debug|Any CPU
		{26c79955-b2c4-b2dc-aa10-3b9c33f1aa9c}.Debug|Any CPU.Build.0 = Debug|Any CPU
		{de10ec02-94d9-c49a-42c7-23828a01afab}.Debug|Any CPU.ActiveCfg = Debug|Any CPU
		{de10ec02-94d9-c49a-42c7-23828a01afab}.Debug|Any CPU.Build.0 = Debug|Any CPU
		{f394a941-cfd6-9e7b-6359-17d79a70f999}.Debug|Any CPU.ActiveCfg = Debug|Any CPU
		{f394a941-cfd6-9e7b-6359-17d79a70f999}.Debug|Any CPU.Build.0 = Debug|Any CPU
		{2c721a79-4549-1424-4fcd-8efb65758b89}.Debug|Any CPU.ActiveCfg = Debug|Any CPU
		{2c721a79-4549-1424-4fcd-8efb65758b89}.Debug|Any CPU.Build.0 = Debug|Any CPU
	EndGlobalSection
	GlobalSection(SolutionProperties) = preSolution
		HideSolutionNode = FALSE
	EndGlobalSection
EndGlobal
